{
  "name": "node-init",
  "version": "1.0.0",
  "lockfileVersion": 1,
  "requires": true,
  "dependencies": {
    "caillou-lion-lib": {
      "version": "1.0.1",
      "resolved": "https://registry.npmjs.org/caillou-lion-lib/-/caillou-lion-lib-1.0.1.tgz",
      "integrity": "sha512-nwrvFi6yOvrXi70qUSVDGcQZr3GyvEjfb94tx9aSHRDuQAmCp7IBXaTijPHJ+CsS/QpYqXXGfsOBAknDg0Oe5Q=="
    }
  }
}
